
Microsoft Visual Studio Solution File, Format Version 12.00
# Visual Studio 15
VisualStudioVersion = 15.0.28307.645
MinimumVisualStudioVersion = 10.0.40219.1
Project("{8BC9CEB8-8B4A-11D0-8D11-00A0C91BC942}") = "basic", "basic\basic.vcxproj", "{B96459FE-E4D3-4923-866A-39B07ED10AFA}"
EndProject
Project("{8BC9CEB8-8B4A-11D0-8D11-00A0C91BC942}") = "basic_2", "basic_2\basic_2.vcxproj", "{8F4857B5-45AE-486A-955E-67555C8C25AA}"
EndProject
Project("{8BC9CEB8-8B4A-11D0-8D11-00A0C91BC942}") = "basic_3", "basic_3\basic_3.vcxproj", "{143B0A0A-640D-4A1D-81D6-56D798830AA8}"
EndProject
Project("{8BC9CEB8-8B4A-11D0-8D11-00A0C91BC942}") = "basic_4", "basic_4\basic_4.vcxproj", "{D3C28153-BA63-4C64-A083-BC62093C5CAD}"
EndProject
Project("{8BC9CEB8-8B4A-11D0-8D11-00A0C91BC942}") = "basic_5", "basic_5\basic_5.vcxproj", "{19B48471-9F33-4E00-ABD5-520AF1BA135A}"
EndProject
Project("{8BC9CEB8-8B4A-11D0-8D11-00A0C91BC942}") = "basic_6", "basic_6\basic_6.vcxproj", "{DB1F919B-15EC-4724-BB6E-5D8D1B4E4A03}"
EndProject
Project("{8BC9CEB8-8B4A-11D0-8D11-00A0C91BC942}") = "basic_7", "basic_7\basic_7.vcxproj", "{82BAEC45-CED4-4855-AF16-8D884FCD3860}"
EndProject
Project("{8BC9CEB8-8B4A-11D0-8D11-00A0C91BC942}") = "basic_8", "basic_8\basic_8.vcxproj", "{5965C77E-F8CB-4F5F-B261-2FA6E8080132}"
EndProject
Project("{8BC9CEB8-8B4A-11D0-8D11-00A0C91BC942}") = "basic_9", "basic_9\basic_9.vcxproj", "{A88D9850-FF9B-436B-B365-5ADA657048A5}"
EndProject
Project("{8BC9CEB8-8B4A-11D0-8D11-00A0C91BC942}") = "class_1", "class_1\class_1.vcxproj", "{48DED204-35E5-4079-A134-29F7085FF604}"
EndProject
Project("{8BC9CEB8-8B4A-11D0-8D11-00A0C91BC942}") = "class_2", "class_2\class_2.vcxproj", "{B0C67A0E-D6BC-40FF-96F9-922BA50B4955}"
EndProject
Project("{8BC9CEB8-8B4A-11D0-8D11-00A0C91BC942}") = "class_3", "class_3\class_3.vcxproj", "{ED86FBFF-11C8-4358-9E60-72CD281C5E11}"
EndProject
Project("{8BC9CEB8-8B4A-11D0-8D11-00A0C91BC942}") = "class_4", "class_4\class_4.vcxproj", "{3F15F04F-3628-4D04-9832-60D8C825C3CD}"
EndProject
Project("{8BC9CEB8-8B4A-11D0-8D11-00A0C91BC942}") = "class_10", "class_10\class_10.vcxproj", "{837EB5E0-3E71-479C-A4C3-CF1CC5B4A5E1}"
EndProject
Project("{8BC9CEB8-8B4A-11D0-8D11-00A0C91BC942}") = "class_11", "class_11\class_11.vcxproj", "{6E0CBF7A-3012-4D58-8B89-996AA5470586}"
EndProject
Project("{8BC9CEB8-8B4A-11D0-8D11-00A0C91BC942}") = "class_12", "class_12\class_12.vcxproj", "{23FFB7C9-39C2-44E3-B8AD-D0E37D729460}"
EndProject
Project("{8BC9CEB8-8B4A-11D0-8D11-00A0C91BC942}") = "class_13", "class_13\class_13.vcxproj", "{7A1ECC48-5293-4801-AE06-6B9AD3D6C301}"
EndProject
Project("{8BC9CEB8-8B4A-11D0-8D11-00A0C91BC942}") = "class_14", "class_14\class_14.vcxproj", "{4929B65A-61BC-40D8-B814-BC7DFC5E2D24}"
EndProject
Project("{8BC9CEB8-8B4A-11D0-8D11-00A0C91BC942}") = "class_15", "class_15\class_15.vcxproj", "{5CD49DBF-65EE-417E-8D9D-D480111EE41A}"
EndProject
Project("{8BC9CEB8-8B4A-11D0-8D11-00A0C91BC942}") = "template_1", "template_1\template_1.vcxproj", "{7ECA173F-B673-4341-9007-74AEFE85452C}"
EndProject
Project("{8BC9CEB8-8B4A-11D0-8D11-00A0C91BC942}") = "template_2", "template_2\template_2.vcxproj", "{1AD24F45-06C5-41BF-AA6C-570355B295D7}"
EndProject
Project("{8BC9CEB8-8B4A-11D0-8D11-00A0C91BC942}") = "template_3", "template_3\template_3.vcxproj", "{B4144051-6DB9-4C8C-9027-0EB78ADF2453}"
EndProject
Project("{8BC9CEB8-8B4A-11D0-8D11-00A0C91BC942}") = "knowledge_7", "knowledge_7\knowledge_7.vcxproj", "{2049E7E2-8094-496C-B850-9D8472CBA49C}"
EndProject
Project("{8BC9CEB8-8B4A-11D0-8D11-00A0C91BC942}") = "template_4", "template_4\template_4.vcxproj", "{9803513D-C8B4-483A-92BC-589AB0A1D19A}"
EndProject
Project("{8BC9CEB8-8B4A-11D0-8D11-00A0C91BC942}") = "template_5", "template_5\template_5.vcxproj", "{00BE4AE9-D3CB-4B0D-B23C-CABBB694C5BF}"
EndProject
Project("{8BC9CEB8-8B4A-11D0-8D11-00A0C91BC942}") = "template_6", "template_6\template_6.vcxproj", "{FC1B72C5-B61D-4D76-B6F2-1214E51B5D2A}"
EndProject
Project("{8BC9CEB8-8B4A-11D0-8D11-00A0C91BC942}") = "template_7", "template_7\template_7.vcxproj", "{A581874F-5791-4507-8BA9-68CC55F5F5AE}"
EndProject
Project("{8BC9CEB8-8B4A-11D0-8D11-00A0C91BC942}") = "template_8", "template_8\template_8.vcxproj", "{C1341D7E-4923-4F6B-978E-E817F052B9DA}"
EndProject
Project("{8BC9CEB8-8B4A-11D0-8D11-00A0C91BC942}") = "ptr_1", "ptr_1\ptr_1.vcxproj", "{8123D661-6DE6-4F58-957E-6BF122E23C96}"
EndProject
Project("{8BC9CEB8-8B4A-11D0-8D11-00A0C91BC942}") = "ptr_2", "ptr_2\ptr_2.vcxproj", "{749FB70D-B029-4DE9-A8A1-B47F2CAB2D48}"
EndProject
Project("{8BC9CEB8-8B4A-11D0-8D11-00A0C91BC942}") = "ptr_3", "ptr_3\ptr_3.vcxproj", "{90E255F0-685C-4D82-AFF8-B79F31287C06}"
EndProject
Project("{8BC9CEB8-8B4A-11D0-8D11-00A0C91BC942}") = "ptr_4", "ptr_4\ptr_4.vcxproj", "{03E0748D-9484-4B7F-B168-DECF4E3D17A0}"
EndProject
Project("{8BC9CEB8-8B4A-11D0-8D11-00A0C91BC942}") = "ptr_5", "ptr_5\ptr_5.vcxproj", "{A6498081-61B1-41CB-A634-24CDC14D7592}"
EndProject
Project("{8BC9CEB8-8B4A-11D0-8D11-00A0C91BC942}") = "ptr_6", "ptr_6\ptr_6.vcxproj", "{0234B209-CED6-4BF6-B15F-69FC345EC209}"
EndProject
Project("{8BC9CEB8-8B4A-11D0-8D11-00A0C91BC942}") = "ptr_7", "ptr_7\ptr_7.vcxproj", "{22D3FB8C-C887-42B9-B8F1-6FFF4EA24B81}"
EndProject
Project("{8BC9CEB8-8B4A-11D0-8D11-00A0C91BC942}") = "memory_1", "memory_1\memory_1.vcxproj", "{70BB125E-58B9-4423-9571-57CFFCB3EAE0}"
EndProject
Project("{8BC9CEB8-8B4A-11D0-8D11-00A0C91BC942}") = "memory_2", "memory_2\memory_2.vcxproj", "{A4BE62DD-1450-444E-B70E-129016E77F7B}"
EndProject
Project("{8BC9CEB8-8B4A-11D0-8D11-00A0C91BC942}") = "memory_3", "memory_3\memory_3.vcxproj", "{D2361463-F1B6-49F0-9B36-EE6E395C9CC7}"
EndProject
Project("{8BC9CEB8-8B4A-11D0-8D11-00A0C91BC942}") = "STL_1", "STL_1\STL_1.vcxproj", "{F96DABE1-C147-43E5-875B-71145D00AFBA}"
EndProject
Project("{8BC9CEB8-8B4A-11D0-8D11-00A0C91BC942}") = "STL_2", "STL_2\STL_2.vcxproj", "{C8342639-9D61-48A4-9A6D-82B2EA80F404}"
EndProject
Project("{8BC9CEB8-8B4A-11D0-8D11-00A0C91BC942}") = "STL_3", "STL_3\STL_3.vcxproj", "{0A87C24D-8E36-464E-A288-7C630E69A2E7}"
EndProject
Project("{8BC9CEB8-8B4A-11D0-8D11-00A0C91BC942}") = "STL_4", "STL_4\STL_4.vcxproj", "{D3CAAAF6-CD6A-4009-BA70-08006B8F006E}"
EndProject
Project("{8BC9CEB8-8B4A-11D0-8D11-00A0C91BC942}") = "STL_5", "STL_5\STL_5.vcxproj", "{1C58564D-5B84-4552-A431-4A15204271DF}"
EndProject
Project("{8BC9CEB8-8B4A-11D0-8D11-00A0C91BC942}") = "STL_6", "STL_6\STL_6.vcxproj", "{C2EA205C-6364-449E-9753-732BF0301E74}"
EndProject
Project("{8BC9CEB8-8B4A-11D0-8D11-00A0C91BC942}") = "STL_7", "STL_7\STL_7.vcxproj", "{5D2F39C2-19FB-4657-9E1B-8C7779D861B4}"
EndProject
Project("{8BC9CEB8-8B4A-11D0-8D11-00A0C91BC942}") = "STL_8", "STL_8\STL_8.vcxproj", "{C9B325CE-5ABE-4A23-ABFF-1F4DE402BBAD}"
EndProject
Project("{8BC9CEB8-8B4A-11D0-8D11-00A0C91BC942}") = "knowledge_1", "knowledge_1\knowledge_1.vcxproj", "{346D02B7-99B5-48F6-9F3A-E7D0F4962C43}"
EndProject
Project("{8BC9CEB8-8B4A-11D0-8D11-00A0C91BC942}") = "knowledge", "knowledge\knowledge.vcxproj", "{5F4E61CD-4C76-4993-8FD9-52483A156C1D}"
EndProject
Project("{8BC9CEB8-8B4A-11D0-8D11-00A0C91BC942}") = "knowledge_3", "knowledge_3\knowledge_3.vcxproj", "{726F3BD1-A3AE-4784-964D-63D470BC7D40}"
EndProject
Project("{8BC9CEB8-8B4A-11D0-8D11-00A0C91BC942}") = "knowledge_4", "knowledge_4\knowledge_4.vcxproj", "{D617BFA2-6429-4A60-BA16-42F71304A7DF}"
EndProject
Project("{8BC9CEB8-8B4A-11D0-8D11-00A0C91BC942}") = "knowledge_5", "knowledge_5\knowledge_5.vcxproj", "{C7942C59-5441-420B-B9FC-B28ED1ED752F}"
EndProject
Project("{8BC9CEB8-8B4A-11D0-8D11-00A0C91BC942}") = "knowledge_6", "knowledge_6\knowledge_6.vcxproj", "{5E246A47-6B99-4817-B291-8FF74814E994}"
EndProject
Project("{8BC9CEB8-8B4A-11D0-8D11-00A0C91BC942}") = "knowledge_8", "knowledge_8\knowledge_8.vcxproj", "{8A22F419-2231-4C51-B645-5F837EBEF5FA}"
EndProject
Project("{8BC9CEB8-8B4A-11D0-8D11-00A0C91BC942}") = "knowledge_9", "knowledge_9\knowledge_9.vcxproj", "{201094AA-762C-42C8-97F2-5F2F2F7CC5DF}"
EndProject
Project("{8BC9CEB8-8B4A-11D0-8D11-00A0C91BC942}") = "knowledge_10", "knowledge_10\knowledge_10.vcxproj", "{DA60D2A0-0E51-47A4-A7E0-BAF7229156CA}"
EndProject
Project("{8BC9CEB8-8B4A-11D0-8D11-00A0C91BC942}") = "knowledge_11", "knowledge_11\knowledge_11.vcxproj", "{6F4EFCA1-CB56-4551-8C9E-745F57CC077C}"
EndProject
Project("{8BC9CEB8-8B4A-11D0-8D11-00A0C91BC942}") = "class_5", "class_5\class_5.vcxproj", "{6BD40C3B-B0AE-4BAC-B61B-59336643FA40}"
EndProject
Global
	GlobalSection(SolutionConfigurationPlatforms) = preSolution
		Debug|x64 = Debug|x64
		Debug|x86 = Debug|x86
		Release|x64 = Release|x64
		Release|x86 = Release|x86
	EndGlobalSection
	GlobalSection(ProjectConfigurationPlatforms) = postSolution
		{B96459FE-E4D3-4923-866A-39B07ED10AFA}.Debug|x64.ActiveCfg = Debug|x64
		{B96459FE-E4D3-4923-866A-39B07ED10AFA}.Debug|x64.Build.0 = Debug|x64
		{B96459FE-E4D3-4923-866A-39B07ED10AFA}.Debug|x86.ActiveCfg = Debug|Win32
		{B96459FE-E4D3-4923-866A-39B07ED10AFA}.Debug|x86.Build.0 = Debug|Win32
		{B96459FE-E4D3-4923-866A-39B07ED10AFA}.Release|x64.ActiveCfg = Release|x64
		{B96459FE-E4D3-4923-866A-39B07ED10AFA}.Release|x64.Build.0 = Release|x64
		{B96459FE-E4D3-4923-866A-39B07ED10AFA}.Release|x86.ActiveCfg = Release|Win32
		{B96459FE-E4D3-4923-866A-39B07ED10AFA}.Release|x86.Build.0 = Release|Win32
		{8F4857B5-45AE-486A-955E-67555C8C25AA}.Debug|x64.ActiveCfg = Debug|x64
		{8F4857B5-45AE-486A-955E-67555C8C25AA}.Debug|x64.Build.0 = Debug|x64
		{8F4857B5-45AE-486A-955E-67555C8C25AA}.Debug|x86.ActiveCfg = Debug|Win32
		{8F4857B5-45AE-486A-955E-67555C8C25AA}.Debug|x86.Build.0 = Debug|Win32
		{8F4857B5-45AE-486A-955E-67555C8C25AA}.Release|x64.ActiveCfg = Release|x64
		{8F4857B5-45AE-486A-955E-67555C8C25AA}.Release|x64.Build.0 = Release|x64
		{8F4857B5-45AE-486A-955E-67555C8C25AA}.Release|x86.ActiveCfg = Release|Win32
		{8F4857B5-45AE-486A-955E-67555C8C25AA}.Release|x86.Build.0 = Release|Win32
		{143B0A0A-640D-4A1D-81D6-56D798830AA8}.Debug|x64.ActiveCfg = Debug|x64
		{143B0A0A-640D-4A1D-81D6-56D798830AA8}.Debug|x64.Build.0 = Debug|x64
		{143B0A0A-640D-4A1D-81D6-56D798830AA8}.Debug|x86.ActiveCfg = Debug|Win32
		{143B0A0A-640D-4A1D-81D6-56D798830AA8}.Debug|x86.Build.0 = Debug|Win32
		{143B0A0A-640D-4A1D-81D6-56D798830AA8}.Release|x64.ActiveCfg = Release|x64
		{143B0A0A-640D-4A1D-81D6-56D798830AA8}.Release|x64.Build.0 = Release|x64
		{143B0A0A-640D-4A1D-81D6-56D798830AA8}.Release|x86.ActiveCfg = Release|Win32
		{143B0A0A-640D-4A1D-81D6-56D798830AA8}.Release|x86.Build.0 = Release|Win32
		{D3C28153-BA63-4C64-A083-BC62093C5CAD}.Debug|x64.ActiveCfg = Debug|x64
		{D3C28153-BA63-4C64-A083-BC62093C5CAD}.Debug|x64.Build.0 = Debug|x64
		{D3C28153-BA63-4C64-A083-BC62093C5CAD}.Debug|x86.ActiveCfg = Debug|Win32
		{D3C28153-BA63-4C64-A083-BC62093C5CAD}.Debug|x86.Build.0 = Debug|Win32
		{D3C28153-BA63-4C64-A083-BC62093C5CAD}.Release|x64.ActiveCfg = Release|x64
		{D3C28153-BA63-4C64-A083-BC62093C5CAD}.Release|x64.Build.0 = Release|x64
		{D3C28153-BA63-4C64-A083-BC62093C5CAD}.Release|x86.ActiveCfg = Release|Win32
		{D3C28153-BA63-4C64-A083-BC62093C5CAD}.Release|x86.Build.0 = Release|Win32
		{19B48471-9F33-4E00-ABD5-520AF1BA135A}.Debug|x64.ActiveCfg = Debug|x64
		{19B48471-9F33-4E00-ABD5-520AF1BA135A}.Debug|x64.Build.0 = Debug|x64
		{19B48471-9F33-4E00-ABD5-520AF1BA135A}.Debug|x86.ActiveCfg = Debug|Win32
		{19B48471-9F33-4E00-ABD5-520AF1BA135A}.Debug|x86.Build.0 = Debug|Win32
		{19B48471-9F33-4E00-ABD5-520AF1BA135A}.Release|x64.ActiveCfg = Release|x64
		{19B48471-9F33-4E00-ABD5-520AF1BA135A}.Release|x64.Build.0 = Release|x64
		{19B48471-9F33-4E00-ABD5-520AF1BA135A}.Release|x86.ActiveCfg = Release|Win32
		{19B48471-9F33-4E00-ABD5-520AF1BA135A}.Release|x86.Build.0 = Release|Win32
		{DB1F919B-15EC-4724-BB6E-5D8D1B4E4A03}.Debug|x64.ActiveCfg = Debug|x64
		{DB1F919B-15EC-4724-BB6E-5D8D1B4E4A03}.Debug|x64.Build.0 = Debug|x64
		{DB1F919B-15EC-4724-BB6E-5D8D1B4E4A03}.Debug|x86.ActiveCfg = Debug|Win32
		{DB1F919B-15EC-4724-BB6E-5D8D1B4E4A03}.Debug|x86.Build.0 = Debug|Win32
		{DB1F919B-15EC-4724-BB6E-5D8D1B4E4A03}.Release|x64.ActiveCfg = Release|x64
		{DB1F919B-15EC-4724-BB6E-5D8D1B4E4A03}.Release|x64.Build.0 = Release|x64
		{DB1F919B-15EC-4724-BB6E-5D8D1B4E4A03}.Release|x86.ActiveCfg = Release|Win32
		{DB1F919B-15EC-4724-BB6E-5D8D1B4E4A03}.Release|x86.Build.0 = Release|Win32
		{82BAEC45-CED4-4855-AF16-8D884FCD3860}.Debug|x64.ActiveCfg = Debug|x64
		{82BAEC45-CED4-4855-AF16-8D884FCD3860}.Debug|x64.Build.0 = Debug|x64
		{82BAEC45-CED4-4855-AF16-8D884FCD3860}.Debug|x86.ActiveCfg = Debug|Win32
		{82BAEC45-CED4-4855-AF16-8D884FCD3860}.Debug|x86.Build.0 = Debug|Win32
		{82BAEC45-CED4-4855-AF16-8D884FCD3860}.Release|x64.ActiveCfg = Release|x64
		{82BAEC45-CED4-4855-AF16-8D884FCD3860}.Release|x64.Build.0 = Release|x64
		{82BAEC45-CED4-4855-AF16-8D884FCD3860}.Release|x86.ActiveCfg = Release|Win32
		{82BAEC45-CED4-4855-AF16-8D884FCD3860}.Release|x86.Build.0 = Release|Win32
		{5965C77E-F8CB-4F5F-B261-2FA6E8080132}.Debug|x64.ActiveCfg = Debug|x64
		{5965C77E-F8CB-4F5F-B261-2FA6E8080132}.Debug|x64.Build.0 = Debug|x64
		{5965C77E-F8CB-4F5F-B261-2FA6E8080132}.Debug|x86.ActiveCfg = Debug|Win32
		{5965C77E-F8CB-4F5F-B261-2FA6E8080132}.Debug|x86.Build.0 = Debug|Win32
		{5965C77E-F8CB-4F5F-B261-2FA6E8080132}.Release|x64.ActiveCfg = Release|x64
		{5965C77E-F8CB-4F5F-B261-2FA6E8080132}.Release|x64.Build.0 = Release|x64
		{5965C77E-F8CB-4F5F-B261-2FA6E8080132}.Release|x86.ActiveCfg = Release|Win32
		{5965C77E-F8CB-4F5F-B261-2FA6E8080132}.Release|x86.Build.0 = Release|Win32
		{A88D9850-FF9B-436B-B365-5ADA657048A5}.Debug|x64.ActiveCfg = Debug|x64
		{A88D9850-FF9B-436B-B365-5ADA657048A5}.Debug|x64.Build.0 = Debug|x64
		{A88D9850-FF9B-436B-B365-5ADA657048A5}.Debug|x86.ActiveCfg = Debug|Win32
		{A88D9850-FF9B-436B-B365-5ADA657048A5}.Debug|x86.Build.0 = Debug|Win32
		{A88D9850-FF9B-436B-B365-5ADA657048A5}.Release|x64.ActiveCfg = Release|x64
		{A88D9850-FF9B-436B-B365-5ADA657048A5}.Release|x64.Build.0 = Release|x64
		{A88D9850-FF9B-436B-B365-5ADA657048A5}.Release|x86.ActiveCfg = Release|Win32
		{A88D9850-FF9B-436B-B365-5ADA657048A5}.Release|x86.Build.0 = Release|Win32
		{48DED204-35E5-4079-A134-29F7085FF604}.Debug|x64.ActiveCfg = Debug|x64
		{48DED204-35E5-4079-A134-29F7085FF604}.Debug|x64.Build.0 = Debug|x64
		{48DED204-35E5-4079-A134-29F7085FF604}.Debug|x86.ActiveCfg = Debug|Win32
		{48DED204-35E5-4079-A134-29F7085FF604}.Debug|x86.Build.0 = Debug|Win32
		{48DED204-35E5-4079-A134-29F7085FF604}.Release|x64.ActiveCfg = Release|x64
		{48DED204-35E5-4079-A134-29F7085FF604}.Release|x64.Build.0 = Release|x64
		{48DED204-35E5-4079-A134-29F7085FF604}.Release|x86.ActiveCfg = Release|Win32
		{48DED204-35E5-4079-A134-29F7085FF604}.Release|x86.Build.0 = Release|Win32
		{B0C67A0E-D6BC-40FF-96F9-922BA50B4955}.Debug|x64.ActiveCfg = Debug|x64
		{B0C67A0E-D6BC-40FF-96F9-922BA50B4955}.Debug|x64.Build.0 = Debug|x64
		{B0C67A0E-D6BC-40FF-96F9-922BA50B4955}.Debug|x86.ActiveCfg = Debug|Win32
		{B0C67A0E-D6BC-40FF-96F9-922BA50B4955}.Debug|x86.Build.0 = Debug|Win32
		{B0C67A0E-D6BC-40FF-96F9-922BA50B4955}.Release|x64.ActiveCfg = Release|x64
		{B0C67A0E-D6BC-40FF-96F9-922BA50B4955}.Release|x64.Build.0 = Release|x64
		{B0C67A0E-D6BC-40FF-96F9-922BA50B4955}.Release|x86.ActiveCfg = Release|Win32
		{B0C67A0E-D6BC-40FF-96F9-922BA50B4955}.Release|x86.Build.0 = Release|Win32
		{ED86FBFF-11C8-4358-9E60-72CD281C5E11}.Debug|x64.ActiveCfg = Debug|x64
		{ED86FBFF-11C8-4358-9E60-72CD281C5E11}.Debug|x64.Build.0 = Debug|x64
		{ED86FBFF-11C8-4358-9E60-72CD281C5E11}.Debug|x86.ActiveCfg = Debug|Win32
		{ED86FBFF-11C8-4358-9E60-72CD281C5E11}.Debug|x86.Build.0 = Debug|Win32
		{ED86FBFF-11C8-4358-9E60-72CD281C5E11}.Release|x64.ActiveCfg = Release|x64
		{ED86FBFF-11C8-4358-9E60-72CD281C5E11}.Release|x64.Build.0 = Release|x64
		{ED86FBFF-11C8-4358-9E60-72CD281C5E11}.Release|x86.ActiveCfg = Release|Win32
		{ED86FBFF-11C8-4358-9E60-72CD281C5E11}.Release|x86.Build.0 = Release|Win32
		{3F15F04F-3628-4D04-9832-60D8C825C3CD}.Debug|x64.ActiveCfg = Debug|x64
		{3F15F04F-3628-4D04-9832-60D8C825C3CD}.Debug|x64.Build.0 = Debug|x64
		{3F15F04F-3628-4D04-9832-60D8C825C3CD}.Debug|x86.ActiveCfg = Debug|Win32
		{3F15F04F-3628-4D04-9832-60D8C825C3CD}.Debug|x86.Build.0 = Debug|Win32
		{3F15F04F-3628-4D04-9832-60D8C825C3CD}.Release|x64.ActiveCfg = Release|x64
		{3F15F04F-3628-4D04-9832-60D8C825C3CD}.Release|x64.Build.0 = Release|x64
		{3F15F04F-3628-4D04-9832-60D8C825C3CD}.Release|x86.ActiveCfg = Release|Win32
		{3F15F04F-3628-4D04-9832-60D8C825C3CD}.Release|x86.Build.0 = Release|Win32
		{837EB5E0-3E71-479C-A4C3-CF1CC5B4A5E1}.Debug|x64.ActiveCfg = Debug|x64
		{837EB5E0-3E71-479C-A4C3-CF1CC5B4A5E1}.Debug|x64.Build.0 = Debug|x64
		{837EB5E0-3E71-479C-A4C3-CF1CC5B4A5E1}.Debug|x86.ActiveCfg = Debug|Win32
		{837EB5E0-3E71-479C-A4C3-CF1CC5B4A5E1}.Debug|x86.Build.0 = Debug|Win32
		{837EB5E0-3E71-479C-A4C3-CF1CC5B4A5E1}.Release|x64.ActiveCfg = Release|x64
		{837EB5E0-3E71-479C-A4C3-CF1CC5B4A5E1}.Release|x64.Build.0 = Release|x64
		{837EB5E0-3E71-479C-A4C3-CF1CC5B4A5E1}.Release|x86.ActiveCfg = Release|Win32
		{837EB5E0-3E71-479C-A4C3-CF1CC5B4A5E1}.Release|x86.Build.0 = Release|Win32
		{6E0CBF7A-3012-4D58-8B89-996AA5470586}.Debug|x64.ActiveCfg = Debug|x64
		{6E0CBF7A-3012-4D58-8B89-996AA5470586}.Debug|x64.Build.0 = Debug|x64
		{6E0CBF7A-3012-4D58-8B89-996AA5470586}.Debug|x86.ActiveCfg = Debug|Win32
		{6E0CBF7A-3012-4D58-8B89-996AA5470586}.Debug|x86.Build.0 = Debug|Win32
		{6E0CBF7A-3012-4D58-8B89-996AA5470586}.Release|x64.ActiveCfg = Release|x64
		{6E0CBF7A-3012-4D58-8B89-996AA5470586}.Release|x64.Build.0 = Release|x64
		{6E0CBF7A-3012-4D58-8B89-996AA5470586}.Release|x86.ActiveCfg = Release|Win32
		{6E0CBF7A-3012-4D58-8B89-996AA5470586}.Release|x86.Build.0 = Release|Win32
		{23FFB7C9-39C2-44E3-B8AD-D0E37D729460}.Debug|x64.ActiveCfg = Debug|x64
		{23FFB7C9-39C2-44E3-B8AD-D0E37D729460}.Debug|x64.Build.0 = Debug|x64
		{23FFB7C9-39C2-44E3-B8AD-D0E37D729460}.Debug|x86.ActiveCfg = Debug|Win32
		{23FFB7C9-39C2-44E3-B8AD-D0E37D729460}.Debug|x86.Build.0 = Debug|Win32
		{23FFB7C9-39C2-44E3-B8AD-D0E37D729460}.Release|x64.ActiveCfg = Release|x64
		{23FFB7C9-39C2-44E3-B8AD-D0E37D729460}.Release|x64.Build.0 = Release|x64
		{23FFB7C9-39C2-44E3-B8AD-D0E37D729460}.Release|x86.ActiveCfg = Release|Win32
		{23FFB7C9-39C2-44E3-B8AD-D0E37D729460}.Release|x86.Build.0 = Release|Win32
		{7A1ECC48-5293-4801-AE06-6B9AD3D6C301}.Debug|x64.ActiveCfg = Debug|x64
		{7A1ECC48-5293-4801-AE06-6B9AD3D6C301}.Debug|x64.Build.0 = Debug|x64
		{7A1ECC48-5293-4801-AE06-6B9AD3D6C301}.Debug|x86.ActiveCfg = Debug|Win32
		{7A1ECC48-5293-4801-AE06-6B9AD3D6C301}.Debug|x86.Build.0 = Debug|Win32
		{7A1ECC48-5293-4801-AE06-6B9AD3D6C301}.Release|x64.ActiveCfg = Release|x64
		{7A1ECC48-5293-4801-AE06-6B9AD3D6C301}.Release|x64.Build.0 = Release|x64
		{7A1ECC48-5293-4801-AE06-6B9AD3D6C301}.Release|x86.ActiveCfg = Release|Win32
		{7A1ECC48-5293-4801-AE06-6B9AD3D6C301}.Release|x86.Build.0 = Release|Win32
		{4929B65A-61BC-40D8-B814-BC7DFC5E2D24}.Debug|x64.ActiveCfg = Debug|x64
		{4929B65A-61BC-40D8-B814-BC7DFC5E2D24}.Debug|x64.Build.0 = Debug|x64
		{4929B65A-61BC-40D8-B814-BC7DFC5E2D24}.Debug|x86.ActiveCfg = Debug|Win32
		{4929B65A-61BC-40D8-B814-BC7DFC5E2D24}.Debug|x86.Build.0 = Debug|Win32
		{4929B65A-61BC-40D8-B814-BC7DFC5E2D24}.Release|x64.ActiveCfg = Release|x64
		{4929B65A-61BC-40D8-B814-BC7DFC5E2D24}.Release|x64.Build.0 = Release|x64
		{4929B65A-61BC-40D8-B814-BC7DFC5E2D24}.Release|x86.ActiveCfg = Release|Win32
		{4929B65A-61BC-40D8-B814-BC7DFC5E2D24}.Release|x86.Build.0 = Release|Win32
		{5CD49DBF-65EE-417E-8D9D-D480111EE41A}.Debug|x64.ActiveCfg = Debug|x64
		{5CD49DBF-65EE-417E-8D9D-D480111EE41A}.Debug|x64.Build.0 = Debug|x64
		{5CD49DBF-65EE-417E-8D9D-D480111EE41A}.Debug|x86.ActiveCfg = Debug|Win32
		{5CD49DBF-65EE-417E-8D9D-D480111EE41A}.Debug|x86.Build.0 = Debug|Win32
		{5CD49DBF-65EE-417E-8D9D-D480111EE41A}.Release|x64.ActiveCfg = Release|x64
		{5CD49DBF-65EE-417E-8D9D-D480111EE41A}.Release|x64.Build.0 = Release|x64
		{5CD49DBF-65EE-417E-8D9D-D480111EE41A}.Release|x86.ActiveCfg = Release|Win32
		{5CD49DBF-65EE-417E-8D9D-D480111EE41A}.Release|x86.Build.0 = Release|Win32
		{7ECA173F-B673-4341-9007-74AEFE85452C}.Debug|x64.ActiveCfg = Debug|x64
		{7ECA173F-B673-4341-9007-74AEFE85452C}.Debug|x64.Build.0 = Debug|x64
		{7ECA173F-B673-4341-9007-74AEFE85452C}.Debug|x86.ActiveCfg = Debug|Win32
		{7ECA173F-B673-4341-9007-74AEFE85452C}.Debug|x86.Build.0 = Debug|Win32
		{7ECA173F-B673-4341-9007-74AEFE85452C}.Release|x64.ActiveCfg = Release|x64
		{7ECA173F-B673-4341-9007-74AEFE85452C}.Release|x64.Build.0 = Release|x64
		{7ECA173F-B673-4341-9007-74AEFE85452C}.Release|x86.ActiveCfg = Release|Win32
		{7ECA173F-B673-4341-9007-74AEFE85452C}.Release|x86.Build.0 = Release|Win32
		{1AD24F45-06C5-41BF-AA6C-570355B295D7}.Debug|x64.ActiveCfg = Debug|x64
		{1AD24F45-06C5-41BF-AA6C-570355B295D7}.Debug|x64.Build.0 = Debug|x64
		{1AD24F45-06C5-41BF-AA6C-570355B295D7}.Debug|x86.ActiveCfg = Debug|Win32
		{1AD24F45-06C5-41BF-AA6C-570355B295D7}.Debug|x86.Build.0 = Debug|Win32
		{1AD24F45-06C5-41BF-AA6C-570355B295D7}.Release|x64.ActiveCfg = Release|x64
		{1AD24F45-06C5-41BF-AA6C-570355B295D7}.Release|x64.Build.0 = Release|x64
		{1AD24F45-06C5-41BF-AA6C-570355B295D7}.Release|x86.ActiveCfg = Release|Win32
		{1AD24F45-06C5-41BF-AA6C-570355B295D7}.Release|x86.Build.0 = Release|Win32
		{B4144051-6DB9-4C8C-9027-0EB78ADF2453}.Debug|x64.ActiveCfg = Debug|x64
		{B4144051-6DB9-4C8C-9027-0EB78ADF2453}.Debug|x64.Build.0 = Debug|x64
		{B4144051-6DB9-4C8C-9027-0EB78ADF2453}.Debug|x86.ActiveCfg = Debug|Win32
		{B4144051-6DB9-4C8C-9027-0EB78ADF2453}.Debug|x86.Build.0 = Debug|Win32
		{B4144051-6DB9-4C8C-9027-0EB78ADF2453}.Release|x64.ActiveCfg = Release|x64
		{B4144051-6DB9-4C8C-9027-0EB78ADF2453}.Release|x64.Build.0 = Release|x64
		{B4144051-6DB9-4C8C-9027-0EB78ADF2453}.Release|x86.ActiveCfg = Release|Win32
		{B4144051-6DB9-4C8C-9027-0EB78ADF2453}.Release|x86.Build.0 = Release|Win32
		{2049E7E2-8094-496C-B850-9D8472CBA49C}.Debug|x64.ActiveCfg = Debug|x64
		{2049E7E2-8094-496C-B850-9D8472CBA49C}.Debug|x64.Build.0 = Debug|x64
		{2049E7E2-8094-496C-B850-9D8472CBA49C}.Debug|x86.ActiveCfg = Debug|Win32
		{2049E7E2-8094-496C-B850-9D8472CBA49C}.Debug|x86.Build.0 = Debug|Win32
		{2049E7E2-8094-496C-B850-9D8472CBA49C}.Release|x64.ActiveCfg = Release|x64
		{2049E7E2-8094-496C-B850-9D8472CBA49C}.Release|x64.Build.0 = Release|x64
		{2049E7E2-8094-496C-B850-9D8472CBA49C}.Release|x86.ActiveCfg = Release|Win32
		{2049E7E2-8094-496C-B850-9D8472CBA49C}.Release|x86.Build.0 = Release|Win32
		{9803513D-C8B4-483A-92BC-589AB0A1D19A}.Debug|x64.ActiveCfg = Debug|x64
		{9803513D-C8B4-483A-92BC-589AB0A1D19A}.Debug|x64.Build.0 = Debug|x64
		{9803513D-C8B4-483A-92BC-589AB0A1D19A}.Debug|x86.ActiveCfg = Debug|Win32
		{9803513D-C8B4-483A-92BC-589AB0A1D19A}.Debug|x86.Build.0 = Debug|Win32
		{9803513D-C8B4-483A-92BC-589AB0A1D19A}.Release|x64.ActiveCfg = Release|x64
		{9803513D-C8B4-483A-92BC-589AB0A1D19A}.Release|x64.Build.0 = Release|x64
		{9803513D-C8B4-483A-92BC-589AB0A1D19A}.Release|x86.ActiveCfg = Release|Win32
		{9803513D-C8B4-483A-92BC-589AB0A1D19A}.Release|x86.Build.0 = Release|Win32
		{00BE4AE9-D3CB-4B0D-B23C-CABBB694C5BF}.Debug|x64.ActiveCfg = Debug|x64
		{00BE4AE9-D3CB-4B0D-B23C-CABBB694C5BF}.Debug|x64.Build.0 = Debug|x64
		{00BE4AE9-D3CB-4B0D-B23C-CABBB694C5BF}.Debug|x86.ActiveCfg = Debug|Win32
		{00BE4AE9-D3CB-4B0D-B23C-CABBB694C5BF}.Debug|x86.Build.0 = Debug|Win32
		{00BE4AE9-D3CB-4B0D-B23C-CABBB694C5BF}.Release|x64.ActiveCfg = Release|x64
		{00BE4AE9-D3CB-4B0D-B23C-CABBB694C5BF}.Release|x64.Build.0 = Release|x64
		{00BE4AE9-D3CB-4B0D-B23C-CABBB694C5BF}.Release|x86.ActiveCfg = Release|Win32
		{00BE4AE9-D3CB-4B0D-B23C-CABBB694C5BF}.Release|x86.Build.0 = Release|Win32
		{FC1B72C5-B61D-4D76-B6F2-1214E51B5D2A}.Debug|x64.ActiveCfg = Debug|x64
		{FC1B72C5-B61D-4D76-B6F2-1214E51B5D2A}.Debug|x64.Build.0 = Debug|x64
		{FC1B72C5-B61D-4D76-B6F2-1214E51B5D2A}.Debug|x86.ActiveCfg = Debug|Win32
		{FC1B72C5-B61D-4D76-B6F2-1214E51B5D2A}.Debug|x86.Build.0 = Debug|Win32
		{FC1B72C5-B61D-4D76-B6F2-1214E51B5D2A}.Release|x64.ActiveCfg = Release|x64
		{FC1B72C5-B61D-4D76-B6F2-1214E51B5D2A}.Release|x64.Build.0 = Release|x64
		{FC1B72C5-B61D-4D76-B6F2-1214E51B5D2A}.Release|x86.ActiveCfg = Release|Win32
		{FC1B72C5-B61D-4D76-B6F2-1214E51B5D2A}.Release|x86.Build.0 = Release|Win32
		{A581874F-5791-4507-8BA9-68CC55F5F5AE}.Debug|x64.ActiveCfg = Debug|x64
		{A581874F-5791-4507-8BA9-68CC55F5F5AE}.Debug|x64.Build.0 = Debug|x64
		{A581874F-5791-4507-8BA9-68CC55F5F5AE}.Debug|x86.ActiveCfg = Debug|Win32
		{A581874F-5791-4507-8BA9-68CC55F5F5AE}.Debug|x86.Build.0 = Debug|Win32
		{A581874F-5791-4507-8BA9-68CC55F5F5AE}.Release|x64.ActiveCfg = Release|x64
		{A581874F-5791-4507-8BA9-68CC55F5F5AE}.Release|x64.Build.0 = Release|x64
		{A581874F-5791-4507-8BA9-68CC55F5F5AE}.Release|x86.ActiveCfg = Release|Win32
		{A581874F-5791-4507-8BA9-68CC55F5F5AE}.Release|x86.Build.0 = Release|Win32
		{C1341D7E-4923-4F6B-978E-E817F052B9DA}.Debug|x64.ActiveCfg = Debug|x64
		{C1341D7E-4923-4F6B-978E-E817F052B9DA}.Debug|x64.Build.0 = Debug|x64
		{C1341D7E-4923-4F6B-978E-E817F052B9DA}.Debug|x86.ActiveCfg = Debug|Win32
		{C1341D7E-4923-4F6B-978E-E817F052B9DA}.Debug|x86.Build.0 = Debug|Win32
		{C1341D7E-4923-4F6B-978E-E817F052B9DA}.Release|x64.ActiveCfg = Release|x64
		{C1341D7E-4923-4F6B-978E-E817F052B9DA}.Release|x64.Build.0 = Release|x64
		{C1341D7E-4923-4F6B-978E-E817F052B9DA}.Release|x86.ActiveCfg = Release|Win32
		{C1341D7E-4923-4F6B-978E-E817F052B9DA}.Release|x86.Build.0 = Release|Win32
		{8123D661-6DE6-4F58-957E-6BF122E23C96}.Debug|x64.ActiveCfg = Debug|x64
		{8123D661-6DE6-4F58-957E-6BF122E23C96}.Debug|x64.Build.0 = Debug|x64
		{8123D661-6DE6-4F58-957E-6BF122E23C96}.Debug|x86.ActiveCfg = Debug|Win32
		{8123D661-6DE6-4F58-957E-6BF122E23C96}.Debug|x86.Build.0 = Debug|Win32
		{8123D661-6DE6-4F58-957E-6BF122E23C96}.Release|x64.ActiveCfg = Release|x64
		{8123D661-6DE6-4F58-957E-6BF122E23C96}.Release|x64.Build.0 = Release|x64
		{8123D661-6DE6-4F58-957E-6BF122E23C96}.Release|x86.ActiveCfg = Release|Win32
		{8123D661-6DE6-4F58-957E-6BF122E23C96}.Release|x86.Build.0 = Release|Win32
		{749FB70D-B029-4DE9-A8A1-B47F2CAB2D48}.Debug|x64.ActiveCfg = Debug|x64
		{749FB70D-B029-4DE9-A8A1-B47F2CAB2D48}.Debug|x64.Build.0 = Debug|x64
		{749FB70D-B029-4DE9-A8A1-B47F2CAB2D48}.Debug|x86.ActiveCfg = Debug|Win32
		{749FB70D-B029-4DE9-A8A1-B47F2CAB2D48}.Debug|x86.Build.0 = Debug|Win32
		{749FB70D-B029-4DE9-A8A1-B47F2CAB2D48}.Release|x64.ActiveCfg = Release|x64
		{749FB70D-B029-4DE9-A8A1-B47F2CAB2D48}.Release|x64.Build.0 = Release|x64
		{749FB70D-B029-4DE9-A8A1-B47F2CAB2D48}.Release|x86.ActiveCfg = Release|Win32
		{749FB70D-B029-4DE9-A8A1-B47F2CAB2D48}.Release|x86.Build.0 = Release|Win32
		{90E255F0-685C-4D82-AFF8-B79F31287C06}.Debug|x64.ActiveCfg = Debug|x64
		{90E255F0-685C-4D82-AFF8-B79F31287C06}.Debug|x64.Build.0 = Debug|x64
		{90E255F0-685C-4D82-AFF8-B79F31287C06}.Debug|x86.ActiveCfg = Debug|Win32
		{90E255F0-685C-4D82-AFF8-B79F31287C06}.Debug|x86.Build.0 = Debug|Win32
		{90E255F0-685C-4D82-AFF8-B79F31287C06}.Release|x64.ActiveCfg = Release|x64
		{90E255F0-685C-4D82-AFF8-B79F31287C06}.Release|x64.Build.0 = Release|x64
		{90E255F0-685C-4D82-AFF8-B79F31287C06}.Release|x86.ActiveCfg = Release|Win32
		{90E255F0-685C-4D82-AFF8-B79F31287C06}.Release|x86.Build.0 = Release|Win32
		{03E0748D-9484-4B7F-B168-DECF4E3D17A0}.Debug|x64.ActiveCfg = Debug|x64
		{03E0748D-9484-4B7F-B168-DECF4E3D17A0}.Debug|x64.Build.0 = Debug|x64
		{03E0748D-9484-4B7F-B168-DECF4E3D17A0}.Debug|x86.ActiveCfg = Debug|Win32
		{03E0748D-9484-4B7F-B168-DECF4E3D17A0}.Debug|x86.Build.0 = Debug|Win32
		{03E0748D-9484-4B7F-B168-DECF4E3D17A0}.Release|x64.ActiveCfg = Release|x64
		{03E0748D-9484-4B7F-B168-DECF4E3D17A0}.Release|x64.Build.0 = Release|x64
		{03E0748D-9484-4B7F-B168-DECF4E3D17A0}.Release|x86.ActiveCfg = Release|Win32
		{03E0748D-9484-4B7F-B168-DECF4E3D17A0}.Release|x86.Build.0 = Release|Win32
		{A6498081-61B1-41CB-A634-24CDC14D7592}.Debug|x64.ActiveCfg = Debug|x64
		{A6498081-61B1-41CB-A634-24CDC14D7592}.Debug|x64.Build.0 = Debug|x64
		{A6498081-61B1-41CB-A634-24CDC14D7592}.Debug|x86.ActiveCfg = Debug|Win32
		{A6498081-61B1-41CB-A634-24CDC14D7592}.Debug|x86.Build.0 = Debug|Win32
		{A6498081-61B1-41CB-A634-24CDC14D7592}.Release|x64.ActiveCfg = Release|x64
		{A6498081-61B1-41CB-A634-24CDC14D7592}.Release|x64.Build.0 = Release|x64
		{A6498081-61B1-41CB-A634-24CDC14D7592}.Release|x86.ActiveCfg = Release|Win32
		{A6498081-61B1-41CB-A634-24CDC14D7592}.Release|x86.Build.0 = Release|Win32
		{0234B209-CED6-4BF6-B15F-69FC345EC209}.Debug|x64.ActiveCfg = Debug|x64
		{0234B209-CED6-4BF6-B15F-69FC345EC209}.Debug|x64.Build.0 = Debug|x64
		{0234B209-CED6-4BF6-B15F-69FC345EC209}.Debug|x86.ActiveCfg = Debug|Win32
		{0234B209-CED6-4BF6-B15F-69FC345EC209}.Debug|x86.Build.0 = Debug|Win32
		{0234B209-CED6-4BF6-B15F-69FC345EC209}.Release|x64.ActiveCfg = Release|x64
		{0234B209-CED6-4BF6-B15F-69FC345EC209}.Release|x64.Build.0 = Release|x64
		{0234B209-CED6-4BF6-B15F-69FC345EC209}.Release|x86.ActiveCfg = Release|Win32
		{0234B209-CED6-4BF6-B15F-69FC345EC209}.Release|x86.Build.0 = Release|Win32
		{22D3FB8C-C887-42B9-B8F1-6FFF4EA24B81}.Debug|x64.ActiveCfg = Debug|x64
		{22D3FB8C-C887-42B9-B8F1-6FFF4EA24B81}.Debug|x64.Build.0 = Debug|x64
		{22D3FB8C-C887-42B9-B8F1-6FFF4EA24B81}.Debug|x86.ActiveCfg = Debug|Win32
		{22D3FB8C-C887-42B9-B8F1-6FFF4EA24B81}.Debug|x86.Build.0 = Debug|Win32
		{22D3FB8C-C887-42B9-B8F1-6FFF4EA24B81}.Release|x64.ActiveCfg = Release|x64
		{22D3FB8C-C887-42B9-B8F1-6FFF4EA24B81}.Release|x64.Build.0 = Release|x64
		{22D3FB8C-C887-42B9-B8F1-6FFF4EA24B81}.Release|x86.ActiveCfg = Release|Win32
		{22D3FB8C-C887-42B9-B8F1-6FFF4EA24B81}.Release|x86.Build.0 = Release|Win32
		{70BB125E-58B9-4423-9571-57CFFCB3EAE0}.Debug|x64.ActiveCfg = Debug|x64
		{70BB125E-58B9-4423-9571-57CFFCB3EAE0}.Debug|x64.Build.0 = Debug|x64
		{70BB125E-58B9-4423-9571-57CFFCB3EAE0}.Debug|x86.ActiveCfg = Debug|Win32
		{70BB125E-58B9-4423-9571-57CFFCB3EAE0}.Debug|x86.Build.0 = Debug|Win32
		{70BB125E-58B9-4423-9571-57CFFCB3EAE0}.Release|x64.ActiveCfg = Release|x64
		{70BB125E-58B9-4423-9571-57CFFCB3EAE0}.Release|x64.Build.0 = Release|x64
		{70BB125E-58B9-4423-9571-57CFFCB3EAE0}.Release|x86.ActiveCfg = Release|Win32
		{70BB125E-58B9-4423-9571-57CFFCB3EAE0}.Release|x86.Build.0 = Release|Win32
		{A4BE62DD-1450-444E-B70E-129016E77F7B}.Debug|x64.ActiveCfg = Debug|x64
		{A4BE62DD-1450-444E-B70E-129016E77F7B}.Debug|x64.Build.0 = Debug|x64
		{A4BE62DD-1450-444E-B70E-129016E77F7B}.Debug|x86.ActiveCfg = Debug|Win32
		{A4BE62DD-1450-444E-B70E-129016E77F7B}.Debug|x86.Build.0 = Debug|Win32
		{A4BE62DD-1450-444E-B70E-129016E77F7B}.Release|x64.ActiveCfg = Release|x64
		{A4BE62DD-1450-444E-B70E-129016E77F7B}.Release|x64.Build.0 = Release|x64
		{A4BE62DD-1450-444E-B70E-129016E77F7B}.Release|x86.ActiveCfg = Release|Win32
		{A4BE62DD-1450-444E-B70E-129016E77F7B}.Release|x86.Build.0 = Release|Win32
		{D2361463-F1B6-49F0-9B36-EE6E395C9CC7}.Debug|x64.ActiveCfg = Debug|x64
		{D2361463-F1B6-49F0-9B36-EE6E395C9CC7}.Debug|x64.Build.0 = Debug|x64
		{D2361463-F1B6-49F0-9B36-EE6E395C9CC7}.Debug|x86.ActiveCfg = Debug|Win32
		{D2361463-F1B6-49F0-9B36-EE6E395C9CC7}.Debug|x86.Build.0 = Debug|Win32
		{D2361463-F1B6-49F0-9B36-EE6E395C9CC7}.Release|x64.ActiveCfg = Release|x64
		{D2361463-F1B6-49F0-9B36-EE6E395C9CC7}.Release|x64.Build.0 = Release|x64
		{D2361463-F1B6-49F0-9B36-EE6E395C9CC7}.Release|x86.ActiveCfg = Release|Win32
		{D2361463-F1B6-49F0-9B36-EE6E395C9CC7}.Release|x86.Build.0 = Release|Win32
		{F96DABE1-C147-43E5-875B-71145D00AFBA}.Debug|x64.ActiveCfg = Debug|x64
		{F96DABE1-C147-43E5-875B-71145D00AFBA}.Debug|x64.Build.0 = Debug|x64
		{F96DABE1-C147-43E5-875B-71145D00AFBA}.Debug|x86.ActiveCfg = Debug|Win32
		{F96DABE1-C147-43E5-875B-71145D00AFBA}.Debug|x86.Build.0 = Debug|Win32
		{F96DABE1-C147-43E5-875B-71145D00AFBA}.Release|x64.ActiveCfg = Release|x64
		{F96DABE1-C147-43E5-875B-71145D00AFBA}.Release|x64.Build.0 = Release|x64
		{F96DABE1-C147-43E5-875B-71145D00AFBA}.Release|x86.ActiveCfg = Release|Win32
		{F96DABE1-C147-43E5-875B-71145D00AFBA}.Release|x86.Build.0 = Release|Win32
		{C8342639-9D61-48A4-9A6D-82B2EA80F404}.Debug|x64.ActiveCfg = Debug|x64
		{C8342639-9D61-48A4-9A6D-82B2EA80F404}.Debug|x64.Build.0 = Debug|x64
		{C8342639-9D61-48A4-9A6D-82B2EA80F404}.Debug|x86.ActiveCfg = Debug|Win32
		{C8342639-9D61-48A4-9A6D-82B2EA80F404}.Debug|x86.Build.0 = Debug|Win32
		{C8342639-9D61-48A4-9A6D-82B2EA80F404}.Release|x64.ActiveCfg = Release|x64
		{C8342639-9D61-48A4-9A6D-82B2EA80F404}.Release|x64.Build.0 = Release|x64
		{C8342639-9D61-48A4-9A6D-82B2EA80F404}.Release|x86.ActiveCfg = Release|Win32
		{C8342639-9D61-48A4-9A6D-82B2EA80F404}.Release|x86.Build.0 = Release|Win32
		{0A87C24D-8E36-464E-A288-7C630E69A2E7}.Debug|x64.ActiveCfg = Debug|x64
		{0A87C24D-8E36-464E-A288-7C630E69A2E7}.Debug|x64.Build.0 = Debug|x64
		{0A87C24D-8E36-464E-A288-7C630E69A2E7}.Debug|x86.ActiveCfg = Debug|Win32
		{0A87C24D-8E36-464E-A288-7C630E69A2E7}.Debug|x86.Build.0 = Debug|Win32
		{0A87C24D-8E36-464E-A288-7C630E69A2E7}.Release|x64.ActiveCfg = Release|x64
		{0A87C24D-8E36-464E-A288-7C630E69A2E7}.Release|x64.Build.0 = Release|x64
		{0A87C24D-8E36-464E-A288-7C630E69A2E7}.Release|x86.ActiveCfg = Release|Win32
		{0A87C24D-8E36-464E-A288-7C630E69A2E7}.Release|x86.Build.0 = Release|Win32
		{D3CAAAF6-CD6A-4009-BA70-08006B8F006E}.Debug|x64.ActiveCfg = Debug|x64
		{D3CAAAF6-CD6A-4009-BA70-08006B8F006E}.Debug|x64.Build.0 = Debug|x64
		{D3CAAAF6-CD6A-4009-BA70-08006B8F006E}.Debug|x86.ActiveCfg = Debug|Win32
		{D3CAAAF6-CD6A-4009-BA70-08006B8F006E}.Debug|x86.Build.0 = Debug|Win32
		{D3CAAAF6-CD6A-4009-BA70-08006B8F006E}.Release|x64.ActiveCfg = Release|x64
		{D3CAAAF6-CD6A-4009-BA70-08006B8F006E}.Release|x64.Build.0 = Release|x64
		{D3CAAAF6-CD6A-4009-BA70-08006B8F006E}.Release|x86.ActiveCfg = Release|Win32
		{D3CAAAF6-CD6A-4009-BA70-08006B8F006E}.Release|x86.Build.0 = Release|Win32
		{1C58564D-5B84-4552-A431-4A15204271DF}.Debug|x64.ActiveCfg = Debug|x64
		{1C58564D-5B84-4552-A431-4A15204271DF}.Debug|x64.Build.0 = Debug|x64
		{1C58564D-5B84-4552-A431-4A15204271DF}.Debug|x86.ActiveCfg = Debug|Win32
		{1C58564D-5B84-4552-A431-4A15204271DF}.Debug|x86.Build.0 = Debug|Win32
		{1C58564D-5B84-4552-A431-4A15204271DF}.Release|x64.ActiveCfg = Release|x64
		{1C58564D-5B84-4552-A431-4A15204271DF}.Release|x64.Build.0 = Release|x64
		{1C58564D-5B84-4552-A431-4A15204271DF}.Release|x86.ActiveCfg = Release|Win32
		{1C58564D-5B84-4552-A431-4A15204271DF}.Release|x86.Build.0 = Release|Win32
		{C2EA205C-6364-449E-9753-732BF0301E74}.Debug|x64.ActiveCfg = Debug|x64
		{C2EA205C-6364-449E-9753-732BF0301E74}.Debug|x64.Build.0 = Debug|x64
		{C2EA205C-6364-449E-9753-732BF0301E74}.Debug|x86.ActiveCfg = Debug|Win32
		{C2EA205C-6364-449E-9753-732BF0301E74}.Debug|x86.Build.0 = Debug|Win32
		{C2EA205C-6364-449E-9753-732BF0301E74}.Release|x64.ActiveCfg = Release|x64
		{C2EA205C-6364-449E-9753-732BF0301E74}.Release|x64.Build.0 = Release|x64
		{C2EA205C-6364-449E-9753-732BF0301E74}.Release|x86.ActiveCfg = Release|Win32
		{C2EA205C-6364-449E-9753-732BF0301E74}.Release|x86.Build.0 = Release|Win32
		{5D2F39C2-19FB-4657-9E1B-8C7779D861B4}.Debug|x64.ActiveCfg = Debug|x64
		{5D2F39C2-19FB-4657-9E1B-8C7779D861B4}.Debug|x64.Build.0 = Debug|x64
		{5D2F39C2-19FB-4657-9E1B-8C7779D861B4}.Debug|x86.ActiveCfg = Debug|Win32
		{5D2F39C2-19FB-4657-9E1B-8C7779D861B4}.Debug|x86.Build.0 = Debug|Win32
		{5D2F39C2-19FB-4657-9E1B-8C7779D861B4}.Release|x64.ActiveCfg = Release|x64
		{5D2F39C2-19FB-4657-9E1B-8C7779D861B4}.Release|x64.Build.0 = Release|x64
		{5D2F39C2-19FB-4657-9E1B-8C7779D861B4}.Release|x86.ActiveCfg = Release|Win32
		{5D2F39C2-19FB-4657-9E1B-8C7779D861B4}.Release|x86.Build.0 = Release|Win32
		{C9B325CE-5ABE-4A23-ABFF-1F4DE402BBAD}.Debug|x64.ActiveCfg = Debug|x64
		{C9B325CE-5ABE-4A23-ABFF-1F4DE402BBAD}.Debug|x64.Build.0 = Debug|x64
		{C9B325CE-5ABE-4A23-ABFF-1F4DE402BBAD}.Debug|x86.ActiveCfg = Debug|Win32
		{C9B325CE-5ABE-4A23-ABFF-1F4DE402BBAD}.Debug|x86.Build.0 = Debug|Win32
		{C9B325CE-5ABE-4A23-ABFF-1F4DE402BBAD}.Release|x64.ActiveCfg = Release|x64
		{C9B325CE-5ABE-4A23-ABFF-1F4DE402BBAD}.Release|x64.Build.0 = Release|x64
		{C9B325CE-5ABE-4A23-ABFF-1F4DE402BBAD}.Release|x86.ActiveCfg = Release|Win32
		{C9B325CE-5ABE-4A23-ABFF-1F4DE402BBAD}.Release|x86.Build.0 = Release|Win32
		{346D02B7-99B5-48F6-9F3A-E7D0F4962C43}.Debug|x64.ActiveCfg = Debug|x64
		{346D02B7-99B5-48F6-9F3A-E7D0F4962C43}.Debug|x64.Build.0 = Debug|x64
		{346D02B7-99B5-48F6-9F3A-E7D0F4962C43}.Debug|x86.ActiveCfg = Debug|Win32
		{346D02B7-99B5-48F6-9F3A-E7D0F4962C43}.Debug|x86.Build.0 = Debug|Win32
		{346D02B7-99B5-48F6-9F3A-E7D0F4962C43}.Release|x64.ActiveCfg = Release|x64
		{346D02B7-99B5-48F6-9F3A-E7D0F4962C43}.Release|x64.Build.0 = Release|x64
		{346D02B7-99B5-48F6-9F3A-E7D0F4962C43}.Release|x86.ActiveCfg = Release|Win32
		{346D02B7-99B5-48F6-9F3A-E7D0F4962C43}.Release|x86.Build.0 = Release|Win32
		{5F4E61CD-4C76-4993-8FD9-52483A156C1D}.Debug|x64.ActiveCfg = Debug|x64
		{5F4E61CD-4C76-4993-8FD9-52483A156C1D}.Debug|x64.Build.0 = Debug|x64
		{5F4E61CD-4C76-4993-8FD9-52483A156C1D}.Debug|x86.ActiveCfg = Debug|Win32
		{5F4E61CD-4C76-4993-8FD9-52483A156C1D}.Debug|x86.Build.0 = Debug|Win32
		{5F4E61CD-4C76-4993-8FD9-52483A156C1D}.Release|x64.ActiveCfg = Release|x64
		{5F4E61CD-4C76-4993-8FD9-52483A156C1D}.Release|x64.Build.0 = Release|x64
		{5F4E61CD-4C76-4993-8FD9-52483A156C1D}.Release|x86.ActiveCfg = Release|Win32
		{5F4E61CD-4C76-4993-8FD9-52483A156C1D}.Release|x86.Build.0 = Release|Win32
		{726F3BD1-A3AE-4784-964D-63D470BC7D40}.Debug|x64.ActiveCfg = Debug|x64
		{726F3BD1-A3AE-4784-964D-63D470BC7D40}.Debug|x64.Build.0 = Debug|x64
		{726F3BD1-A3AE-4784-964D-63D470BC7D40}.Debug|x86.ActiveCfg = Debug|Win32
		{726F3BD1-A3AE-4784-964D-63D470BC7D40}.Debug|x86.Build.0 = Debug|Win32
		{726F3BD1-A3AE-4784-964D-63D470BC7D40}.Release|x64.ActiveCfg = Release|x64
		{726F3BD1-A3AE-4784-964D-63D470BC7D40}.Release|x64.Build.0 = Release|x64
		{726F3BD1-A3AE-4784-964D-63D470BC7D40}.Release|x86.ActiveCfg = Release|Win32
		{726F3BD1-A3AE-4784-964D-63D470BC7D40}.Release|x86.Build.0 = Release|Win32
		{D617BFA2-6429-4A60-BA16-42F71304A7DF}.Debug|x64.ActiveCfg = Debug|x64
		{D617BFA2-6429-4A60-BA16-42F71304A7DF}.Debug|x64.Build.0 = Debug|x64
		{D617BFA2-6429-4A60-BA16-42F71304A7DF}.Debug|x86.ActiveCfg = Debug|Win32
		{D617BFA2-6429-4A60-BA16-42F71304A7DF}.Debug|x86.Build.0 = Debug|Win32
		{D617BFA2-6429-4A60-BA16-42F71304A7DF}.Release|x64.ActiveCfg = Release|x64
		{D617BFA2-6429-4A60-BA16-42F71304A7DF}.Release|x64.Build.0 = Release|x64
		{D617BFA2-6429-4A60-BA16-42F71304A7DF}.Release|x86.ActiveCfg = Release|Win32
		{D617BFA2-6429-4A60-BA16-42F71304A7DF}.Release|x86.Build.0 = Release|Win32
		{C7942C59-5441-420B-B9FC-B28ED1ED752F}.Debug|x64.ActiveCfg = Debug|x64
		{C7942C59-5441-420B-B9FC-B28ED1ED752F}.Debug|x64.Build.0 = Debug|x64
		{C7942C59-5441-420B-B9FC-B28ED1ED752F}.Debug|x86.ActiveCfg = Debug|Win32
		{C7942C59-5441-420B-B9FC-B28ED1ED752F}.Debug|x86.Build.0 = Debug|Win32
		{C7942C59-5441-420B-B9FC-B28ED1ED752F}.Release|x64.ActiveCfg = Release|x64
		{C7942C59-5441-420B-B9FC-B28ED1ED752F}.Release|x64.Build.0 = Release|x64
		{C7942C59-5441-420B-B9FC-B28ED1ED752F}.Release|x86.ActiveCfg = Release|Win32
		{C7942C59-5441-420B-B9FC-B28ED1ED752F}.Release|x86.Build.0 = Release|Win32
		{5E246A47-6B99-4817-B291-8FF74814E994}.Debug|x64.ActiveCfg = Debug|x64
		{5E246A47-6B99-4817-B291-8FF74814E994}.Debug|x64.Build.0 = Debug|x64
		{5E246A47-6B99-4817-B291-8FF74814E994}.Debug|x86.ActiveCfg = Debug|Win32
		{5E246A47-6B99-4817-B291-8FF74814E994}.Debug|x86.Build.0 = Debug|Win32
		{5E246A47-6B99-4817-B291-8FF74814E994}.Release|x64.ActiveCfg = Release|x64
		{5E246A47-6B99-4817-B291-8FF74814E994}.Release|x64.Build.0 = Release|x64
		{5E246A47-6B99-4817-B291-8FF74814E994}.Release|x86.ActiveCfg = Release|Win32
		{5E246A47-6B99-4817-B291-8FF74814E994}.Release|x86.Build.0 = Release|Win32
		{8A22F419-2231-4C51-B645-5F837EBEF5FA}.Debug|x64.ActiveCfg = Debug|x64
		{8A22F419-2231-4C51-B645-5F837EBEF5FA}.Debug|x64.Build.0 = Debug|x64
		{8A22F419-2231-4C51-B645-5F837EBEF5FA}.Debug|x86.ActiveCfg = Debug|Win32
		{8A22F419-2231-4C51-B645-5F837EBEF5FA}.Debug|x86.Build.0 = Debug|Win32
		{8A22F419-2231-4C51-B645-5F837EBEF5FA}.Release|x64.ActiveCfg = Release|x64
		{8A22F419-2231-4C51-B645-5F837EBEF5FA}.Release|x64.Build.0 = Release|x64
		{8A22F419-2231-4C51-B645-5F837EBEF5FA}.Release|x86.ActiveCfg = Release|Win32
		{8A22F419-2231-4C51-B645-5F837EBEF5FA}.Release|x86.Build.0 = Release|Win32
		{201094AA-762C-42C8-97F2-5F2F2F7CC5DF}.Debug|x64.ActiveCfg = Debug|x64
		{201094AA-762C-42C8-97F2-5F2F2F7CC5DF}.Debug|x64.Build.0 = Debug|x64
		{201094AA-762C-42C8-97F2-5F2F2F7CC5DF}.Debug|x86.ActiveCfg = Debug|Win32
		{201094AA-762C-42C8-97F2-5F2F2F7CC5DF}.Debug|x86.Build.0 = Debug|Win32
		{201094AA-762C-42C8-97F2-5F2F2F7CC5DF}.Release|x64.ActiveCfg = Release|x64
		{201094AA-762C-42C8-97F2-5F2F2F7CC5DF}.Release|x64.Build.0 = Release|x64
		{201094AA-762C-42C8-97F2-5F2F2F7CC5DF}.Release|x86.ActiveCfg = Release|Win32
		{201094AA-762C-42C8-97F2-5F2F2F7CC5DF}.Release|x86.Build.0 = Release|Win32
		{DA60D2A0-0E51-47A4-A7E0-BAF7229156CA}.Debug|x64.ActiveCfg = Debug|x64
		{DA60D2A0-0E51-47A4-A7E0-BAF7229156CA}.Debug|x64.Build.0 = Debug|x64
		{DA60D2A0-0E51-47A4-A7E0-BAF7229156CA}.Debug|x86.ActiveCfg = Debug|Win32
		{DA60D2A0-0E51-47A4-A7E0-BAF7229156CA}.Debug|x86.Build.0 = Debug|Win32
		{DA60D2A0-0E51-47A4-A7E0-BAF7229156CA}.Release|x64.ActiveCfg = Release|x64
		{DA60D2A0-0E51-47A4-A7E0-BAF7229156CA}.Release|x64.Build.0 = Release|x64
		{DA60D2A0-0E51-47A4-A7E0-BAF7229156CA}.Release|x86.ActiveCfg = Release|Win32
		{DA60D2A0-0E51-47A4-A7E0-BAF7229156CA}.Release|x86.Build.0 = Release|Win32
		{6F4EFCA1-CB56-4551-8C9E-745F57CC077C}.Debug|x64.ActiveCfg = Debug|x64
		{6F4EFCA1-CB56-4551-8C9E-745F57CC077C}.Debug|x64.Build.0 = Debug|x64
		{6F4EFCA1-CB56-4551-8C9E-745F57CC077C}.Debug|x86.ActiveCfg = Debug|Win32
		{6F4EFCA1-CB56-4551-8C9E-745F57CC077C}.Debug|x86.Build.0 = Debug|Win32
		{6F4EFCA1-CB56-4551-8C9E-745F57CC077C}.Release|x64.ActiveCfg = Release|x64
		{6F4EFCA1-CB56-4551-8C9E-745F57CC077C}.Release|x64.Build.0 = Release|x64
		{6F4EFCA1-CB56-4551-8C9E-745F57CC077C}.Release|x86.ActiveCfg = Release|Win32
		{6F4EFCA1-CB56-4551-8C9E-745F57CC077C}.Release|x86.Build.0 = Release|Win32
		{6BD40C3B-B0AE-4BAC-B61B-59336643FA40}.Debug|x64.ActiveCfg = Debug|x64
		{6BD40C3B-B0AE-4BAC-B61B-59336643FA40}.Debug|x64.Build.0 = Debug|x64
		{6BD40C3B-B0AE-4BAC-B61B-59336643FA40}.Debug|x86.ActiveCfg = Debug|Win32
		{6BD40C3B-B0AE-4BAC-B61B-59336643FA40}.Debug|x86.Build.0 = Debug|Win32
		{6BD40C3B-B0AE-4BAC-B61B-59336643FA40}.Release|x64.ActiveCfg = Release|x64
		{6BD40C3B-B0AE-4BAC-B61B-59336643FA40}.Release|x64.Build.0 = Release|x64
		{6BD40C3B-B0AE-4BAC-B61B-59336643FA40}.Release|x86.ActiveCfg = Release|Win32
		{6BD40C3B-B0AE-4BAC-B61B-59336643FA40}.Release|x86.Build.0 = Release|Win32
	EndGlobalSection
	GlobalSection(SolutionProperties) = preSolution
		HideSolutionNode = FALSE
	EndGlobalSection
	GlobalSection(ExtensibilityGlobals) = postSolution
		SolutionGuid = {C19C969E-65E9-4F00-956D-CF83B1A24FFA}
	EndGlobalSection
EndGlobal
